# This file was autogenerated by Stack.
# You should not edit this file by hand.
# For more information, please see the documentation at:
#   https://docs.haskellstack.org/en/stable/lock_files

packages: []
snapshots:
- completed:
    size: 582734
    url: https://raw.githubusercontent.com/commercialhaskell/stackage-snapshots/master/nightly/2021/9/30.yaml
    sha256: 86cb05be830b2b1c3a518b4f867a26c47d4213a74c76544e46529aba08aaafae
  original: nightly-2021-09-30
